<?xml version="1.0" encoding="utf-8"?>
<Project ToolsVersion="4.0" xmlns="http://schemas.microsoft.com/developer/msbuild/2003">
  <ItemGroup>
    <Filter Include="Source Files">
      <UniqueIdentifier>{4FC737F1-C7A5-4376-A066-2A32D752A2FF}</UniqueIdentifier>
      <Extensions>cpp;c;cc;cxx;def;odl;idl;hpj;bat;asm;asmx</Extensions>
    </Filter>
    <Filter Include="Header Files">
      <UniqueIdentifier>{93995380-89BD-4b04-88EB-625FBE52EBFB}</UniqueIdentifier>
      <Extensions>h;hpp;hxx;hm;inl;inc;xsd</Extensions>
    </Filter>
    <Filter Include="Resource Files">
      <UniqueIdentifier>{67DA6AB6-F800-4c08-8B7A-83BB121AAD01}</UniqueIdentifier>
      <Extensions>rc;ico;cur;bmp;dlg;rc2;rct;bin;rgs;gif;jpg;jpeg;jpe;resx;tiff;tif;png;wav</Extensions>
    </Filter>
  </ItemGroup>
  <ItemGroup>
    <ClCompile Include="..\src\TypingTutorApp.cpp">
      <Filter>Source Files</Filter>
    </ClCompile>
    <ClCompile Include="..\src\TypingTutorApp.cpp">
      <Filter>Source Files</Filter>
    </ClCompile>
    <ClInclude Include="..\include\Resources.h">
      <Filter>Header Files</Filter>
    </ClInclude>
    <ClCompile Include="..\src\Toon.cpp">
      <Filter>Source Files</Filter>
    </ClCompile>
    <ClCompile Include="..\src\Game.cpp">
      <Filter>Source Files</Filter>
    </ClCompile>
    <ClCompile Include="..\src\MenuSkill.cpp">
      <Filter>Source Files</Filter>
    </ClCompile>
    <ClCompile Include="..\src\MenuApp.cpp">
      <Filter>Source Files</Filter>
    </ClCompile>
    <ClCompile Include="..\src\Menu.cpp">
      <Filter>Source Files</Filter>
    </ClCompile>
    <ClCompile Include="..\src\MenuDuration.cpp">
      <Filter>Source Files</Filter>
    </ClCompile>
    <ClCompile Include="..\src\GamePositioning.cpp">
      <Filter>Source Files</Filter>
    </ClCompile>
    <ClCompile Include="..\src\Keyboard.cpp">
      <Filter>Source Files</Filter>
    </ClCompile>
    <ClCompile Include="..\src\TimeBar.cpp">
      <Filter>Source Files</Filter>
    </ClCompile>
    <ClCompile Include="..\src\GameHomeRow.cpp">
      <Filter>Source Files</Filter>
    </ClCompile>
    <ClCompile Include="..\src\GameLetters.cpp">
      <Filter>Source Files</Filter>
    </ClCompile>
    <ClCompile Include="..\src\GameNumbers.cpp">
      <Filter>Source Files</Filter>
    </ClCompile>
  </ItemGroup>
  <ItemGroup>
    <ClInclude Include="..\include\Resources.h">
      <Filter>Header Files</Filter>
    </ClInclude>
    <ClInclude Include="..\include\AppState.h">
      <Filter>Header Files</Filter>
    </ClInclude>
    <ClInclude Include="..\include\Toon.h">
      <Filter>Header Files</Filter>
    </ClInclude>
    <ClInclude Include="..\include\Game.h">
      <Filter>Header Files</Filter>
    </ClInclude>
    <ClInclude Include="..\include\TypingTutorInterface.h">
      <Filter>Header Files</Filter>
    </ClInclude>
    <ClInclude Include="..\include\GamePositioning.h">
      <Filter>Header Files</Filter>
    </ClInclude>
    <ClInclude Include="..\include\GameHomeRow.h">
      <Filter>Header Files</Filter>
    </ClInclude>
    <ClInclude Include="..\include\GameLetters.h">
      <Filter>Header Files</Filter>
    </ClInclude>
    <ClInclude Include="..\include\GameNumbers.h">
      <Filter>Header Files</Filter>
    </ClInclude>
    <ClInclude Include="..\include\MenuSkill.h">
      <Filter>Header Files</Filter>
    </ClInclude>
    <ClInclude Include="..\include\MenuApp.h">
      <Filter>Header Files</Filter>
    </ClInclude>
    <ClInclude Include="..\include\Menu.h">
      <Filter>Header Files</Filter>
    </ClInclude>
    <ClInclude Include="..\include\MenuDuration.h">
      <Filter>Header Files</Filter>
    </ClInclude>
    <ClInclude Include="..\include\Keyboard.h">
      <Filter>Header Files</Filter>
    </ClInclude>
    <ClInclude Include="..\include\TimeBar.h">
      <Filter>Header Files</Filter>
    </ClInclude>
  </ItemGroup>
  <ItemGroup>
    <ResourceCompile Include="Resources.rc">
      <Filter>Resource Files</Filter>
    </ResourceCompile>
  </ItemGroup>
</Project>